// !$*UTF8*$!
{
	archiveVersion = 1;
	classes = {
	};
	objectVersion = 54;
	objects = {

/* Begin PBXBuildFile section */
		05DC5900EEA0AA1A3669FA46 /* SubscriptionManager.swift in Sources */ = {isa = PBXBuildFile; fileRef = CB166E964DFD06ECB3AF3154 /* SubscriptionManager.swift */; };
		0E98928B98DA0F60BAFBE0E5 /* AppDelegate.swift in Sources */ = {isa = PBXBuildFile; fileRef = 955AE6CE5479C9C2BB1056C9 /* AppDelegate.swift */; };
		100B7D77FBE5E28AE89A716F /* LocationPatternsView.swift in Sources */ = {isa = PBXBuildFile; fileRef = BE74F53B3BEB502E1F56F482 /* LocationPatternsView.swift */; };
		119525ADD111B57882606AD4 /* Assets.xcassets in Resources */ = {isa = PBXBuildFile; fileRef = 68D679F14F1AC98CD88776EB /* Assets.xcassets */; };
		139B40E2D6BB9BDC2E882212 /* GroupThreadsView.swift in Sources */ = {isa = PBXBuildFile; fileRef = D9B5458BDD8D72C40B23734E /* GroupThreadsView.swift */; };
		1E5140A22508E487EE8A734F /* MomentStreamView.swift in Sources */ = {isa = PBXBuildFile; fileRef = DC39E251266E26222CDCF3FF /* MomentStreamView.swift */; };
		2725E2E2C38C846AE34FF124 /* Pattern.swift in Sources */ = {isa = PBXBuildFile; fileRef = C8C721AB18EF5C879C7FA305 /* Pattern.swift */; };
		2B742FD442712266CD21FDEE /* DailyDigestView.swift in Sources */ = {isa = PBXBuildFile; fileRef = DA7785CD666B5F1255EA187E /* DailyDigestView.swift */; };
		2FB3D1D4E1DF40238BD5C3E0 /* SQLite in Frameworks */ = {isa = PBXBuildFile; productRef = 421533836758808CC8D1410A /* SQLite */; };
		2FEAF8555F6201498FB49A7F /* ContentView.swift in Sources */ = {isa = PBXBuildFile; fileRef = 58E55873EEDCDB0580449169 /* ContentView.swift */; };
		32B920F8BE2C38441470F05B /* MarginApp.swift in Sources */ = {isa = PBXBuildFile; fileRef = D4FE0012F72AF8AF5F5DB4A4 /* MarginApp.swift */; };
		3B15BB0BFF06E9D6D822F3B6 /* DesignSystem.swift in Sources */ = {isa = PBXBuildFile; fileRef = F5D4916AF7D93CB2C1777DC0 /* DesignSystem.swift */; };
		42869C9FB1E42A3F4DF5A8AC /* GroupThread.swift in Sources */ = {isa = PBXBuildFile; fileRef = E07D85CB974EBAE7FD8A1C9E /* GroupThread.swift */; };
		44743A880B87204C6522F56C /* CaptureView.swift in Sources */ = {isa = PBXBuildFile; fileRef = DCDA48B34D42BD82A71BBCD2 /* CaptureView.swift */; };
		46163401DED6EB1152B29D80 /* WeeklySummary.swift in Sources */ = {isa = PBXBuildFile; fileRef = 7515C57029F3A89E8FF7C47A /* WeeklySummary.swift */; };
		49A20700FEE9AF7977778F3A /* SnapKit in Frameworks */ = {isa = PBXBuildFile; productRef = B8B55B75CF8806F58243BB58 /* SnapKit */; };
		4EAD68E1F9FE4F68B21DD246 /* MomentThread.swift in Sources */ = {isa = PBXBuildFile; fileRef = 39B31754DF5BA1BDE94FCCC1 /* MomentThread.swift */; };
		53878F5D8F20B2CB42BBC4A3 /* AppState.swift in Sources */ = {isa = PBXBuildFile; fileRef = 21B0F8B26ADA6951272741BF /* AppState.swift */; };
		5609A040324D37268AF35AC9 /* Moment.swift in Sources */ = {isa = PBXBuildFile; fileRef = F3FCAF048EC46E0C7E22E3E6 /* Moment.swift */; };
		5B9B738F28FD6A20A098636B /* ContextService.swift in Sources */ = {isa = PBXBuildFile; fileRef = 093927AD5E6F4617317A8F28 /* ContextService.swift */; };
		6FC662078A062018C203D7F4 /* main.swift in Sources */ = {isa = PBXBuildFile; fileRef = 7FF9156B73516808A5B237FD /* main.swift */; };
		7437170DF53FF690A76DE613 /* MenuBarViewController.swift in Sources */ = {isa = PBXBuildFile; fileRef = 08A0F744832777540B3416B0 /* MenuBarViewController.swift */; };
		77B5A6500F4C074EF80DBEFB /* MarginWatchApp.swift in Sources */ = {isa = PBXBuildFile; fileRef = 2B05E33E7EEE8E5D87F6A1E3 /* MarginWatchApp.swift */; };
		7801DF6D3C869ED9B8DBCAC4 /* ThreadView.swift in Sources */ = {isa = PBXBuildFile; fileRef = E680AD656F61C1051E2F26B3 /* ThreadView.swift */; };
		8F0D9DE7DEDCD4F9D2E7D1B6 /* CaptureButton.swift in Sources */ = {isa = PBXBuildFile; fileRef = 84536039264AB1366AB0C56C /* CaptureButton.swift */; };
		8F48E24217B639A0D78044FE /* WeeklySummaryView.swift in Sources */ = {isa = PBXBuildFile; fileRef = B3B64593537A7B14E3B543E4 /* WeeklySummaryView.swift */; };
		9158E885DAC2F7985C86C6A9 /* AIPromptBubble.swift in Sources */ = {isa = PBXBuildFile; fileRef = 119F6E73A59B39E6C0ACE83C /* AIPromptBubble.swift */; };
		94FE78AC42365192EB3268B9 /* SharedFeedView.swift in Sources */ = {isa = PBXBuildFile; fileRef = CD68763182DACE5A056098E5 /* SharedFeedView.swift */; };
		9888E3897679A75A60578BE4 /* DailyDigest.swift in Sources */ = {isa = PBXBuildFile; fileRef = D2FFB38DBD3C7F53AB603FBD /* DailyDigest.swift */; };
		9BE9D1C9072494CCD987AC63 /* PatternCard.swift in Sources */ = {isa = PBXBuildFile; fileRef = ED8AC43BA6A042763079AA71 /* PatternCard.swift */; };
		9E00A0726A7A3552EC4FB5F5 /* DailyDigestCard.swift in Sources */ = {isa = PBXBuildFile; fileRef = 744DB1FDE0FDD587671E8ED8 /* DailyDigestCard.swift */; };
		A12048539FD24DB36C5884FD /* VoiceService.swift in Sources */ = {isa = PBXBuildFile; fileRef = EAA14B6F01CE30AF86DE955A /* VoiceService.swift */; };
		B234EE2578893681E3811980 /* AIService.swift in Sources */ = {isa = PBXBuildFile; fileRef = 4EFBDC3886741A6069B0CE63 /* AIService.swift */; };
		B7EDCC34AF10BB8061679D18 /* ContextPill.swift in Sources */ = {isa = PBXBuildFile; fileRef = FE9FA4AB6CB138CA5AEAA642 /* ContextPill.swift */; };
		CA8FE1DC1A25DECC62175E9F /* PatternAnalysisView.swift in Sources */ = {isa = PBXBuildFile; fileRef = C62D6B5522056F8C2C22797E /* PatternAnalysisView.swift */; };
		D12B9AAAD3230B7005BA5944 /* HomeView.swift in Sources */ = {isa = PBXBuildFile; fileRef = 1516E31DCF19B4C801C0ECC9 /* HomeView.swift */; };
		D17C46A8B15FD5A518232BC6 /* DatabaseService.swift in Sources */ = {isa = PBXBuildFile; fileRef = 10AC0119187F70698C12975D /* DatabaseService.swift */; };
		D8FEEA32DA3A1F79020A74D0 /* SettingsView.swift in Sources */ = {isa = PBXBuildFile; fileRef = 83A85F5F607959BF3B9CB73C /* SettingsView.swift */; };
		D9E30CCFAA0852B2CD7EC50C /* SQLite in Frameworks */ = {isa = PBXBuildFile; productRef = 6500659B211EF754F62DD035 /* SQLite */; };
		DD2329762D9620BE1E769804 /* ViewExtensions.swift in Sources */ = {isa = PBXBuildFile; fileRef = 9B8EC68D4FC2F2F03A9BB5EE /* ViewExtensions.swift */; };
		EAB7F7213DAEB5D4951BCD1E /* MomentDetailView.swift in Sources */ = {isa = PBXBuildFile; fileRef = AF5822C1D322C796BFCB0295 /* MomentDetailView.swift */; };
		F42A7AFF7DD1E06B1BBB6BF0 /* PaywallView.swift in Sources */ = {isa = PBXBuildFile; fileRef = 95BD851D63242B39E0F54D92 /* PaywallView.swift */; };
		F6F00E620AF47AFACFF4AA71 /* MomentCard.swift in Sources */ = {isa = PBXBuildFile; fileRef = 369D26BAE0C57D3C4ACB502D /* MomentCard.swift */; };
		FCD00DC5837FAFBE48520C4E /* MarginEmptyIllustration.swift in Sources */ = {isa = PBXBuildFile; fileRef = D2B20D5E293FEDACC4E93EB1 /* MarginEmptyIllustration.swift */; };
/* End PBXBuildFile section */

/* Begin PBXFileReference section */
		017EAFDD200F56525E0F3531 /* Info.plist */ = {isa = PBXFileReference; lastKnownFileType = text.plist; path = Info.plist; sourceTree = "<group>"; };
		08A0F744832777540B3416B0 /* MenuBarViewController.swift */ = {isa = PBXFileReference; lastKnownFileType = sourcecode.swift; path = MenuBarViewController.swift; sourceTree = "<group>"; };
		093927AD5E6F4617317A8F28 /* ContextService.swift */ = {isa = PBXFileReference; lastKnownFileType = sourcecode.swift; path = ContextService.swift; sourceTree = "<group>"; };
		10AC0119187F70698C12975D /* DatabaseService.swift */ = {isa = PBXFileReference; lastKnownFileType = sourcecode.swift; path = DatabaseService.swift; sourceTree = "<group>"; };
		119F6E73A59B39E6C0ACE83C /* AIPromptBubble.swift */ = {isa = PBXFileReference; lastKnownFileType = sourcecode.swift; path = AIPromptBubble.swift; sourceTree = "<group>"; };
		1516E31DCF19B4C801C0ECC9 /* HomeView.swift */ = {isa = PBXFileReference; lastKnownFileType = sourcecode.swift; path = HomeView.swift; sourceTree = "<group>"; };
		15D651C6A1ADBDD45BC9F85C /* Margin.app */ = {isa = PBXFileReference; includeInIndex = 0; lastKnownFileType = wrapper.application; path = Margin.app; sourceTree = BUILT_PRODUCTS_DIR; };
		21B0F8B26ADA6951272741BF /* AppState.swift */ = {isa = PBXFileReference; lastKnownFileType = sourcecode.swift; path = AppState.swift; sourceTree = "<group>"; };
		2B05E33E7EEE8E5D87F6A1E3 /* MarginWatchApp.swift */ = {isa = PBXFileReference; lastKnownFileType = sourcecode.swift; path = MarginWatchApp.swift; sourceTree = "<group>"; };
		369D26BAE0C57D3C4ACB502D /* MomentCard.swift */ = {isa = PBXFileReference; lastKnownFileType = sourcecode.swift; path = MomentCard.swift; sourceTree = "<group>"; };
		39B31754DF5BA1BDE94FCCC1 /* MomentThread.swift */ = {isa = PBXFileReference; lastKnownFileType = sourcecode.swift; path = MomentThread.swift; sourceTree = "<group>"; };
		4EFBDC3886741A6069B0CE63 /* AIService.swift */ = {isa = PBXFileReference; lastKnownFileType = sourcecode.swift; path = AIService.swift; sourceTree = "<group>"; };
		58E55873EEDCDB0580449169 /* ContentView.swift */ = {isa = PBXFileReference; lastKnownFileType = sourcecode.swift; path = ContentView.swift; sourceTree = "<group>"; };
		68D679F14F1AC98CD88776EB /* Assets.xcassets */ = {isa = PBXFileReference; lastKnownFileType = folder.assetcatalog; path = Assets.xcassets; sourceTree = "<group>"; };
		744DB1FDE0FDD587671E8ED8 /* DailyDigestCard.swift */ = {isa = PBXFileReference; lastKnownFileType = sourcecode.swift; path = DailyDigestCard.swift; sourceTree = "<group>"; };
		7515C57029F3A89E8FF7C47A /* WeeklySummary.swift */ = {isa = PBXFileReference; lastKnownFileType = sourcecode.swift; path = WeeklySummary.swift; sourceTree = "<group>"; };
		7FF9156B73516808A5B237FD /* main.swift */ = {isa = PBXFileReference; lastKnownFileType = sourcecode.swift; path = main.swift; sourceTree = "<group>"; };
		83A85F5F607959BF3B9CB73C /* SettingsView.swift */ = {isa = PBXFileReference; lastKnownFileType = sourcecode.swift; path = SettingsView.swift; sourceTree = "<group>"; };
		84536039264AB1366AB0C56C /* CaptureButton.swift */ = {isa = PBXFileReference; lastKnownFileType = sourcecode.swift; path = CaptureButton.swift; sourceTree = "<group>"; };
		955AE6CE5479C9C2BB1056C9 /* AppDelegate.swift */ = {isa = PBXFileReference; lastKnownFileType = sourcecode.swift; path = AppDelegate.swift; sourceTree = "<group>"; };
		95BD851D63242B39E0F54D92 /* PaywallView.swift */ = {isa = PBXFileReference; lastKnownFileType = sourcecode.swift; path = PaywallView.swift; sourceTree = "<group>"; };
		9B8EC68D4FC2F2F03A9BB5EE /* ViewExtensions.swift */ = {isa = PBXFileReference; lastKnownFileType = sourcecode.swift; path = ViewExtensions.swift; sourceTree = "<group>"; };
		AF5822C1D322C796BFCB0295 /* MomentDetailView.swift */ = {isa = PBXFileReference; lastKnownFileType = sourcecode.swift; path = MomentDetailView.swift; sourceTree = "<group>"; };
		B3B64593537A7B14E3B543E4 /* WeeklySummaryView.swift */ = {isa = PBXFileReference; lastKnownFileType = sourcecode.swift; path = WeeklySummaryView.swift; sourceTree = "<group>"; };
		BE74F53B3BEB502E1F56F482 /* LocationPatternsView.swift */ = {isa = PBXFileReference; lastKnownFileType = sourcecode.swift; path = LocationPatternsView.swift; sourceTree = "<group>"; };
		BEF2E63673F9DE575B15F6CE /* MarginWatch.app */ = {isa = PBXFileReference; explicitFileType = wrapper.application; includeInIndex = 0; path = MarginWatch.app; sourceTree = BUILT_PRODUCTS_DIR; };
		C62D6B5522056F8C2C22797E /* PatternAnalysisView.swift */ = {isa = PBXFileReference; lastKnownFileType = sourcecode.swift; path = PatternAnalysisView.swift; sourceTree = "<group>"; };
		C8C721AB18EF5C879C7FA305 /* Pattern.swift */ = {isa = PBXFileReference; lastKnownFileType = sourcecode.swift; path = Pattern.swift; sourceTree = "<group>"; };
		CB166E964DFD06ECB3AF3154 /* SubscriptionManager.swift */ = {isa = PBXFileReference; lastKnownFileType = sourcecode.swift; path = SubscriptionManager.swift; sourceTree = "<group>"; };
		CD68763182DACE5A056098E5 /* SharedFeedView.swift */ = {isa = PBXFileReference; lastKnownFileType = sourcecode.swift; path = SharedFeedView.swift; sourceTree = "<group>"; };
		D2B20D5E293FEDACC4E93EB1 /* MarginEmptyIllustration.swift */ = {isa = PBXFileReference; lastKnownFileType = sourcecode.swift; path = MarginEmptyIllustration.swift; sourceTree = "<group>"; };
		D2FFB38DBD3C7F53AB603FBD /* DailyDigest.swift */ = {isa = PBXFileReference; lastKnownFileType = sourcecode.swift; path = DailyDigest.swift; sourceTree = "<group>"; };
		D4FE0012F72AF8AF5F5DB4A4 /* MarginApp.swift */ = {isa = PBXFileReference; lastKnownFileType = sourcecode.swift; path = MarginApp.swift; sourceTree = "<group>"; };
		D9B5458BDD8D72C40B23734E /* GroupThreadsView.swift */ = {isa = PBXFileReference; lastKnownFileType = sourcecode.swift; path = GroupThreadsView.swift; sourceTree = "<group>"; };
		DA7785CD666B5F1255EA187E /* DailyDigestView.swift */ = {isa = PBXFileReference; lastKnownFileType = sourcecode.swift; path = DailyDigestView.swift; sourceTree = "<group>"; };
		DC39E251266E26222CDCF3FF /* MomentStreamView.swift */ = {isa = PBXFileReference; lastKnownFileType = sourcecode.swift; path = MomentStreamView.swift; sourceTree = "<group>"; };
		DCDA48B34D42BD82A71BBCD2 /* CaptureView.swift */ = {isa = PBXFileReference; lastKnownFileType = sourcecode.swift; path = CaptureView.swift; sourceTree = "<group>"; };
		E07D85CB974EBAE7FD8A1C9E /* GroupThread.swift */ = {isa = PBXFileReference; lastKnownFileType = sourcecode.swift; path = GroupThread.swift; sourceTree = "<group>"; };
		E680AD656F61C1051E2F26B3 /* ThreadView.swift */ = {isa = PBXFileReference; lastKnownFileType = sourcecode.swift; path = ThreadView.swift; sourceTree = "<group>"; };
		E86B1D4CF51ED825357F8DB2 /* MarginMenuBar.app */ = {isa = PBXFileReference; explicitFileType = wrapper.application; includeInIndex = 0; path = MarginMenuBar.app; sourceTree = BUILT_PRODUCTS_DIR; };
		EAA14B6F01CE30AF86DE955A /* VoiceService.swift */ = {isa = PBXFileReference; lastKnownFileType = sourcecode.swift; path = VoiceService.swift; sourceTree = "<group>"; };
		ED8AC43BA6A042763079AA71 /* PatternCard.swift */ = {isa = PBXFileReference; lastKnownFileType = sourcecode.swift; path = PatternCard.swift; sourceTree = "<group>"; };
		F3FCAF048EC46E0C7E22E3E6 /* Moment.swift */ = {isa = PBXFileReference; lastKnownFileType = sourcecode.swift; path = Moment.swift; sourceTree = "<group>"; };
		F5D4916AF7D93CB2C1777DC0 /* DesignSystem.swift */ = {isa = PBXFileReference; lastKnownFileType = sourcecode.swift; path = DesignSystem.swift; sourceTree = "<group>"; };
		FE9FA4AB6CB138CA5AEAA642 /* ContextPill.swift */ = {isa = PBXFileReference; lastKnownFileType = sourcecode.swift; path = ContextPill.swift; sourceTree = "<group>"; };
/* End PBXFileReference section */

/* Begin PBXFrameworksBuildPhase section */
		8E4C19E16D6244568161ACE8 /* Frameworks */ = {
			isa = PBXFrameworksBuildPhase;
			buildActionMask = 2147483647;
			files = (
				2FB3D1D4E1DF40238BD5C3E0 /* SQLite in Frameworks */,
			);
			runOnlyForDeploymentPostprocessing = 0;
		};
		A5FE32646F84CFD7A34DE996 /* Frameworks */ = {
			isa = PBXFrameworksBuildPhase;
			buildActionMask = 2147483647;
			files = (
				D9E30CCFAA0852B2CD7EC50C /* SQLite in Frameworks */,
				49A20700FEE9AF7977778F3A /* SnapKit in Frameworks */,
			);
			runOnlyForDeploymentPostprocessing = 0;
		};
/* End PBXFrameworksBuildPhase section */

/* Begin PBXGroup section */
		16A127491B2EE51223ED291B = {
			isa = PBXGroup;
			children = (
				82B6D9B04D6CCDA46AFABF65 /* MarginWatch */,
				56598B9D9194DD3B040B842C /* Resources */,
				66B4655090EBBCCCA90A71BE /* Sources */,
				89751EFCAFD99DDADCC53634 /* Sources */,
				8E0AF008E4DCE97B7CC999AD /* Products */,
			);
			sourceTree = "<group>";
		};
		17EBDDCAA9A6441F963F3A7C /* Services */ = {
			isa = PBXGroup;
			children = (
				4EFBDC3886741A6069B0CE63 /* AIService.swift */,
				093927AD5E6F4617317A8F28 /* ContextService.swift */,
				10AC0119187F70698C12975D /* DatabaseService.swift */,
				CB166E964DFD06ECB3AF3154 /* SubscriptionManager.swift */,
				EAA14B6F01CE30AF86DE955A /* VoiceService.swift */,
			);
			path = Services;
			sourceTree = "<group>";
		};
		1DA12182BA098E36DBD36BA9 /* Views */ = {
			isa = PBXGroup;
			children = (
			);
			path = Views;
			sourceTree = "<group>";
		};
		452ED4218813987779AAB678 /* Utilities */ = {
			isa = PBXGroup;
			children = (
				F5D4916AF7D93CB2C1777DC0 /* DesignSystem.swift */,
				9B8EC68D4FC2F2F03A9BB5EE /* ViewExtensions.swift */,
			);
			path = Utilities;
			sourceTree = "<group>";
		};
		4EFF310522BE70B3D70BB229 /* App */ = {
			isa = PBXGroup;
			children = (
				21B0F8B26ADA6951272741BF /* AppState.swift */,
				D4FE0012F72AF8AF5F5DB4A4 /* MarginApp.swift */,
			);
			path = App;
			sourceTree = "<group>";
		};
		4FBE2026C9D0470DB62EB8F9 /* Views */ = {
			isa = PBXGroup;
			children = (
				58E55873EEDCDB0580449169 /* ContentView.swift */,
				750BC5848A151F2700DEB530 /* Components */,
				CBC6F0F60CB201545C2F4E12 /* Screens */,
			);
			path = Views;
			sourceTree = "<group>";
		};
		56598B9D9194DD3B040B842C /* Resources */ = {
			isa = PBXGroup;
			children = (
				68D679F14F1AC98CD88776EB /* Assets.xcassets */,
			);
			name = Resources;
			path = Margin/Resources;
			sourceTree = "<group>";
		};
		57B9FD085477466CAFE402A4 /* App */ = {
			isa = PBXGroup;
			children = (
				2B05E33E7EEE8E5D87F6A1E3 /* MarginWatchApp.swift */,
			);
			path = App;
			sourceTree = "<group>";
		};
		5899268429D23B487DBB17BA /* Models */ = {
			isa = PBXGroup;
			children = (
				D2FFB38DBD3C7F53AB603FBD /* DailyDigest.swift */,
				E07D85CB974EBAE7FD8A1C9E /* GroupThread.swift */,
				F3FCAF048EC46E0C7E22E3E6 /* Moment.swift */,
				39B31754DF5BA1BDE94FCCC1 /* MomentThread.swift */,
				C8C721AB18EF5C879C7FA305 /* Pattern.swift */,
				7515C57029F3A89E8FF7C47A /* WeeklySummary.swift */,
			);
			path = Models;
			sourceTree = "<group>";
		};
		66B4655090EBBCCCA90A71BE /* Sources */ = {
			isa = PBXGroup;
			children = (
				4EFF310522BE70B3D70BB229 /* App */,
				E3F6284F8AFCFD011789D1D7 /* Components */,
				5899268429D23B487DBB17BA /* Models */,
				17EBDDCAA9A6441F963F3A7C /* Services */,
				452ED4218813987779AAB678 /* Utilities */,
				4FBE2026C9D0470DB62EB8F9 /* Views */,
			);
			name = Sources;
			path = Margin/Sources;
			sourceTree = "<group>";
		};
		750BC5848A151F2700DEB530 /* Components */ = {
			isa = PBXGroup;
			children = (
				119F6E73A59B39E6C0ACE83C /* AIPromptBubble.swift */,
				84536039264AB1366AB0C56C /* CaptureButton.swift */,
				FE9FA4AB6CB138CA5AEAA642 /* ContextPill.swift */,
				744DB1FDE0FDD587671E8ED8 /* DailyDigestCard.swift */,
				369D26BAE0C57D3C4ACB502D /* MomentCard.swift */,
				ED8AC43BA6A042763079AA71 /* PatternCard.swift */,
			);
			path = Components;
			sourceTree = "<group>";
		};
		82B6D9B04D6CCDA46AFABF65 /* MarginWatch */ = {
			isa = PBXGroup;
			children = (
				017EAFDD200F56525E0F3531 /* Info.plist */,
				57B9FD085477466CAFE402A4 /* App */,
				A76B7302632F3CF2504D5D34 /* Models */,
				1DA12182BA098E36DBD36BA9 /* Views */,
			);
			path = MarginWatch;
			sourceTree = "<group>";
		};
		89751EFCAFD99DDADCC53634 /* Sources */ = {
			isa = PBXGroup;
			children = (
				955AE6CE5479C9C2BB1056C9 /* AppDelegate.swift */,
				7FF9156B73516808A5B237FD /* main.swift */,
				08A0F744832777540B3416B0 /* MenuBarViewController.swift */,
			);
			name = Sources;
			path = MarginMenuBar/Sources;
			sourceTree = "<group>";
		};
		8E0AF008E4DCE97B7CC999AD /* Products */ = {
			isa = PBXGroup;
			children = (
				15D651C6A1ADBDD45BC9F85C /* Margin.app */,
				E86B1D4CF51ED825357F8DB2 /* MarginMenuBar.app */,
				BEF2E63673F9DE575B15F6CE /* MarginWatch.app */,
			);
			name = Products;
			sourceTree = "<group>";
		};
		A76B7302632F3CF2504D5D34 /* Models */ = {
			isa = PBXGroup;
			children = (
			);
			path = Models;
			sourceTree = "<group>";
		};
		CBC6F0F60CB201545C2F4E12 /* Screens */ = {
			isa = PBXGroup;
			children = (
				DCDA48B34D42BD82A71BBCD2 /* CaptureView.swift */,
				DA7785CD666B5F1255EA187E /* DailyDigestView.swift */,
				D9B5458BDD8D72C40B23734E /* GroupThreadsView.swift */,
				1516E31DCF19B4C801C0ECC9 /* HomeView.swift */,
				BE74F53B3BEB502E1F56F482 /* LocationPatternsView.swift */,
				AF5822C1D322C796BFCB0295 /* MomentDetailView.swift */,
				DC39E251266E26222CDCF3FF /* MomentStreamView.swift */,
				C62D6B5522056F8C2C22797E /* PatternAnalysisView.swift */,
				95BD851D63242B39E0F54D92 /* PaywallView.swift */,
				83A85F5F607959BF3B9CB73C /* SettingsView.swift */,
				CD68763182DACE5A056098E5 /* SharedFeedView.swift */,
				E680AD656F61C1051E2F26B3 /* ThreadView.swift */,
				B3B64593537A7B14E3B543E4 /* WeeklySummaryView.swift */,
			);
			path = Screens;
			sourceTree = "<group>";
		};
		E3F6284F8AFCFD011789D1D7 /* Components */ = {
			isa = PBXGroup;
			children = (
				D2B20D5E293FEDACC4E93EB1 /* MarginEmptyIllustration.swift */,
			);
			path = Components;
			sourceTree = "<group>";
		};
/* End PBXGroup section */

/* Begin PBXNativeTarget section */
		10F7424A362A8E26F640B00B /* MarginMenuBar */ = {
			isa = PBXNativeTarget;
			buildConfigurationList = 04A2A8BC1649AE05C068A33F /* Build configuration list for PBXNativeTarget "MarginMenuBar" */;
			buildPhases = (
				B58B241DDC61CDA29AAC66C2 /* Sources */,
				8E4C19E16D6244568161ACE8 /* Frameworks */,
			);
			buildRules = (
			);
			dependencies = (
			);
			name = MarginMenuBar;
			packageProductDependencies = (
				421533836758808CC8D1410A /* SQLite */,
			);
			productName = MarginMenuBar;
			productReference = E86B1D4CF51ED825357F8DB2 /* MarginMenuBar.app */;
			productType = "com.apple.product-type.application";
		};
		8D2ACD38A73B187734A803F6 /* MarginWatch */ = {
			isa = PBXNativeTarget;
			buildConfigurationList = B455C2F74B1CC106507F7366 /* Build configuration list for PBXNativeTarget "MarginWatch" */;
			buildPhases = (
				CE817146EF5C22CE805479F0 /* Sources */,
			);
			buildRules = (
			);
			dependencies = (
			);
			name = MarginWatch;
			productName = MarginWatch;
			productReference = BEF2E63673F9DE575B15F6CE /* MarginWatch.app */;
			productType = "com.apple.product-type.application";
		};
		C5C2C05B492FB78A3D70F172 /* Margin */ = {
			isa = PBXNativeTarget;
			buildConfigurationList = D7E081A40BA700709B296A78 /* Build configuration list for PBXNativeTarget "Margin" */;
			buildPhases = (
				0233FA2483595F6EE0386ED0 /* Sources */,
				AD46D1D61227AB9B7AD819B4 /* Resources */,
				A5FE32646F84CFD7A34DE996 /* Frameworks */,
			);
			buildRules = (
			);
			dependencies = (
			);
			name = Margin;
			packageProductDependencies = (
				6500659B211EF754F62DD035 /* SQLite */,
				B8B55B75CF8806F58243BB58 /* SnapKit */,
			);
			productName = Margin;
			productReference = 15D651C6A1ADBDD45BC9F85C /* Margin.app */;
			productType = "com.apple.product-type.application";
		};
/* End PBXNativeTarget section */

/* Begin PBXProject section */
		FEAE8FB7E0F3E87FDEA460D4 /* Project object */ = {
			isa = PBXProject;
			attributes = {
				BuildIndependentTargetsInParallel = YES;
				LastUpgradeCheck = 1600;
				TargetAttributes = {
					10F7424A362A8E26F640B00B = {
						DevelopmentTeam = "";
						ProvisioningStyle = Automatic;
					};
					8D2ACD38A73B187734A803F6 = {
						DevelopmentTeam = "";
						ProvisioningStyle = Automatic;
					};
					C5C2C05B492FB78A3D70F172 = {
						DevelopmentTeam = "";
						ProvisioningStyle = Automatic;
					};
				};
			};
			buildConfigurationList = 01711C74349C980C1C588C61 /* Build configuration list for PBXProject "Margin" */;
			compatibilityVersion = "Xcode 14.0";
			developmentRegion = en;
			hasScannedForEncodings = 0;
			knownRegions = (
				Base,
				en,
			);
			mainGroup = 16A127491B2EE51223ED291B;
			packageReferences = (
				497A56B3E0AC0A7BDFCD9FD8 /* XCRemoteSwiftPackageReference "SQLite.swift" */,
				B1C1B482E16C8D9A65BA333E /* XCRemoteSwiftPackageReference "SnapKit" */,
			);
			projectDirPath = "";
			projectRoot = "";
			targets = (
				C5C2C05B492FB78A3D70F172 /* Margin */,
				10F7424A362A8E26F640B00B /* MarginMenuBar */,
				8D2ACD38A73B187734A803F6 /* MarginWatch */,
			);
		};
/* End PBXProject section */

/* Begin PBXResourcesBuildPhase section */
		AD46D1D61227AB9B7AD819B4 /* Resources */ = {
			isa = PBXResourcesBuildPhase;
			buildActionMask = 2147483647;
			files = (
				119525ADD111B57882606AD4 /* Assets.xcassets in Resources */,
			);
			runOnlyForDeploymentPostprocessing = 0;
		};
/* End PBXResourcesBuildPhase section */

/* Begin PBXSourcesBuildPhase section */
		0233FA2483595F6EE0386ED0 /* Sources */ = {
			isa = PBXSourcesBuildPhase;
			buildActionMask = 2147483647;
			files = (
				9158E885DAC2F7985C86C6A9 /* AIPromptBubble.swift in Sources */,
				B234EE2578893681E3811980 /* AIService.swift in Sources */,
				53878F5D8F20B2CB42BBC4A3 /* AppState.swift in Sources */,
				8F0D9DE7DEDCD4F9D2E7D1B6 /* CaptureButton.swift in Sources */,
				44743A880B87204C6522F56C /* CaptureView.swift in Sources */,
				2FEAF8555F6201498FB49A7F /* ContentView.swift in Sources */,
				B7EDCC34AF10BB8061679D18 /* ContextPill.swift in Sources */,
				5B9B738F28FD6A20A098636B /* ContextService.swift in Sources */,
				9888E3897679A75A60578BE4 /* DailyDigest.swift in Sources */,
				9E00A0726A7A3552EC4FB5F5 /* DailyDigestCard.swift in Sources */,
				2B742FD442712266CD21FDEE /* DailyDigestView.swift in Sources */,
				D17C46A8B15FD5A518232BC6 /* DatabaseService.swift in Sources */,
				3B15BB0BFF06E9D6D822F3B6 /* DesignSystem.swift in Sources */,
				42869C9FB1E42A3F4DF5A8AC /* GroupThread.swift in Sources */,
				139B40E2D6BB9BDC2E882212 /* GroupThreadsView.swift in Sources */,
				D12B9AAAD3230B7005BA5944 /* HomeView.swift in Sources */,
				100B7D77FBE5E28AE89A716F /* LocationPatternsView.swift in Sources */,
				32B920F8BE2C38441470F05B /* MarginApp.swift in Sources */,
				FCD00DC5837FAFBE48520C4E /* MarginEmptyIllustration.swift in Sources */,
				5609A040324D37268AF35AC9 /* Moment.swift in Sources */,
				F6F00E620AF47AFACFF4AA71 /* MomentCard.swift in Sources */,
				EAB7F7213DAEB5D4951BCD1E /* MomentDetailView.swift in Sources */,
				1E5140A22508E487EE8A734F /* MomentStreamView.swift in Sources */,
				4EAD68E1F9FE4F68B21DD246 /* MomentThread.swift in Sources */,
				2725E2E2C38C846AE34FF124 /* Pattern.swift in Sources */,
				CA8FE1DC1A25DECC62175E9F /* PatternAnalysisView.swift in Sources */,
				9BE9D1C9072494CCD987AC63 /* PatternCard.swift in Sources */,
				F42A7AFF7DD1E06B1BBB6BF0 /* PaywallView.swift in Sources */,
				D8FEEA32DA3A1F79020A74D0 /* SettingsView.swift in Sources */,
				94FE78AC42365192EB3268B9 /* SharedFeedView.swift in Sources */,
				05DC5900EEA0AA1A3669FA46 /* SubscriptionManager.swift in Sources */,
				7801DF6D3C869ED9B8DBCAC4 /* ThreadView.swift in Sources */,
				DD2329762D9620BE1E769804 /* ViewExtensions.swift in Sources */,
				A12048539FD24DB36C5884FD /* VoiceService.swift in Sources */,
				46163401DED6EB1152B29D80 /* WeeklySummary.swift in Sources */,
				8F48E24217B639A0D78044FE /* WeeklySummaryView.swift in Sources */,
			);
			runOnlyForDeploymentPostprocessing = 0;
		};
		B58B241DDC61CDA29AAC66C2 /* Sources */ = {
			isa = PBXSourcesBuildPhase;
			buildActionMask = 2147483647;
			files = (
				0E98928B98DA0F60BAFBE0E5 /* AppDelegate.swift in Sources */,
				7437170DF53FF690A76DE613 /* MenuBarViewController.swift in Sources */,
				6FC662078A062018C203D7F4 /* main.swift in Sources */,
			);
			runOnlyForDeploymentPostprocessing = 0;
		};
		CE817146EF5C22CE805479F0 /* Sources */ = {
			isa = PBXSourcesBuildPhase;
			buildActionMask = 2147483647;
			files = (
				77B5A6500F4C074EF80DBEFB /* MarginWatchApp.swift in Sources */,
			);
			runOnlyForDeploymentPostprocessing = 0;
		};
/* End PBXSourcesBuildPhase section */

/* Begin XCBuildConfiguration section */
		022EB0CD6378AB3D933EBF0A /* Debug */ = {
			isa = XCBuildConfiguration;
			buildSettings = {
				ALWAYS_SEARCH_USER_PATHS = NO;
				CLANG_ANALYZER_NONNULL = YES;
				CLANG_ANALYZER_NUMBER_OBJECT_CONVERSION = YES_AGGRESSIVE;
				CLANG_CXX_LANGUAGE_STANDARD = "gnu++14";
				CLANG_CXX_LIBRARY = "libc++";
				CLANG_ENABLE_MODULES = YES;
				CLANG_ENABLE_OBJC_ARC = YES;
				CLANG_ENABLE_OBJC_WEAK = YES;
				CLANG_WARN_BLOCK_CAPTURE_AUTORELEASING = YES;
				CLANG_WARN_BOOL_CONVERSION = YES;
				CLANG_WARN_COMMA = YES;
				CLANG_WARN_CONSTANT_CONVERSION = YES;
				CLANG_WARN_DEPRECATED_OBJC_IMPLEMENTATIONS = YES;
				CLANG_WARN_DIRECT_OBJC_ISA_USAGE = YES_ERROR;
				CLANG_WARN_DOCUMENTATION_COMMENTS = YES;
				CLANG_WARN_EMPTY_BODY = YES;
				CLANG_WARN_ENUM_CONVERSION = YES;
				CLANG_WARN_INFINITE_RECURSION = YES;
				CLANG_WARN_INT_CONVERSION = YES;
				CLANG_WARN_NON_LITERAL_NULL_CONVERSION = YES;
				CLANG_WARN_OBJC_IMPLICIT_RETAIN_SELF = YES;
				CLANG_WARN_OBJC_LITERAL_CONVERSION = YES;
				CLANG_WARN_OBJC_ROOT_CLASS = YES_ERROR;
				CLANG_WARN_QUOTED_INCLUDE_IN_FRAMEWORK_HEADER = YES;
				CLANG_WARN_RANGE_LOOP_ANALYSIS = YES;
				CLANG_WARN_STRICT_PROTOTYPES = YES;
				CLANG_WARN_SUSPICIOUS_MOVE = YES;
				CLANG_WARN_UNGUARDED_AVAILABILITY = YES_AGGRESSIVE;
				CLANG_WARN_UNREACHABLE_CODE = YES;
				CLANG_WARN__DUPLICATE_METHOD_MATCH = YES;
				COPY_PHASE_STRIP = NO;
				DEBUG_INFORMATION_FORMAT = dwarf;
				ENABLE_STRICT_OBJC_MSGSEND = YES;
				ENABLE_TESTABILITY = YES;
				ENABLE_USER_SCRIPT_SANDBOXING = NO;
				GCC_C_LANGUAGE_STANDARD = gnu11;
				GCC_DYNAMIC_NO_PIC = NO;
				GCC_NO_COMMON_BLOCKS = YES;
				GCC_OPTIMIZATION_LEVEL = 0;
				GCC_PREPROCESSOR_DEFINITIONS = (
					"$(inherited)",
					"DEBUG=1",
				);
				GCC_WARN_64_TO_32_BIT_CONVERSION = YES;
				GCC_WARN_ABOUT_RETURN_TYPE = YES_ERROR;
				GCC_WARN_UNDECLARED_SELECTOR = YES;
				GCC_WARN_UNINITIALIZED_AUTOS = YES_AGGRESSIVE;
				GCC_WARN_UNUSED_FUNCTION = YES;
				GCC_WARN_UNUSED_VARIABLE = YES;
				INFOPLIST_KEY_UILaunchScreen_Generation = YES;
				INFOPLIST_KEY_UIStatusBarStyle = UIStatusBarStyleDefault;
				INFOPLIST_KEY_UISupportedInterfaceOrientations = UIInterfaceOrientationPortrait;
				IPHONEOS_DEPLOYMENT_TARGET = 26.0;
				MTL_ENABLE_DEBUG_INFO = INCLUDE_SOURCE;
				MTL_FAST_MATH = YES;
				ONLY_ACTIVE_ARCH = YES;
				PRODUCT_NAME = "$(TARGET_NAME)";
				SWIFT_ACTIVE_COMPILATION_CONDITIONS = DEBUG;
				SWIFT_OPTIMIZATION_LEVEL = "-Onone";
				SWIFT_VERSION = 6.0;
				TARGETED_DEVICE_FAMILY = 1;
			};
			name = Debug;
		};
		18D73A0F4801B5FB622ED7A4 /* Release */ = {
			isa = XCBuildConfiguration;
			buildSettings = {
				ALWAYS_SEARCH_USER_PATHS = NO;
				CLANG_ANALYZER_NONNULL = YES;
				CLANG_ANALYZER_NUMBER_OBJECT_CONVERSION = YES_AGGRESSIVE;
				CLANG_CXX_LANGUAGE_STANDARD = "gnu++14";
				CLANG_CXX_LIBRARY = "libc++";
				CLANG_ENABLE_MODULES = YES;
				CLANG_ENABLE_OBJC_ARC = YES;
				CLANG_ENABLE_OBJC_WEAK = YES;
				CLANG_WARN_BLOCK_CAPTURE_AUTORELEASING = YES;
				CLANG_WARN_BOOL_CONVERSION = YES;
				CLANG_WARN_COMMA = YES;
				CLANG_WARN_CONSTANT_CONVERSION = YES;
				CLANG_WARN_DEPRECATED_OBJC_IMPLEMENTATIONS = YES;
				CLANG_WARN_DIRECT_OBJC_ISA_USAGE = YES_ERROR;
				CLANG_WARN_DOCUMENTATION_COMMENTS = YES;
				CLANG_WARN_EMPTY_BODY = YES;
				CLANG_WARN_ENUM_CONVERSION = YES;
				CLANG_WARN_INFINITE_RECURSION = YES;
				CLANG_WARN_INT_CONVERSION = YES;
				CLANG_WARN_NON_LITERAL_NULL_CONVERSION = YES;
				CLANG_WARN_OBJC_IMPLICIT_RETAIN_SELF = YES;
				CLANG_WARN_OBJC_LITERAL_CONVERSION = YES;
				CLANG_WARN_OBJC_ROOT_CLASS = YES_ERROR;
				CLANG_WARN_QUOTED_INCLUDE_IN_FRAMEWORK_HEADER = YES;
				CLANG_WARN_RANGE_LOOP_ANALYSIS = YES;
				CLANG_WARN_STRICT_PROTOTYPES = YES;
				CLANG_WARN_SUSPICIOUS_MOVE = YES;
				CLANG_WARN_UNGUARDED_AVAILABILITY = YES_AGGRESSIVE;
				CLANG_WARN_UNREACHABLE_CODE = YES;
				CLANG_WARN__DUPLICATE_METHOD_MATCH = YES;
				COPY_PHASE_STRIP = NO;
				DEBUG_INFORMATION_FORMAT = "dwarf-with-dsym";
				ENABLE_NS_ASSERTIONS = NO;
				ENABLE_STRICT_OBJC_MSGSEND = YES;
				ENABLE_USER_SCRIPT_SANDBOXING = NO;
				GCC_C_LANGUAGE_STANDARD = gnu11;
				GCC_NO_COMMON_BLOCKS = YES;
				GCC_WARN_64_TO_32_BIT_CONVERSION = YES;
				GCC_WARN_ABOUT_RETURN_TYPE = YES_ERROR;
				GCC_WARN_UNDECLARED_SELECTOR = YES;
				GCC_WARN_UNINITIALIZED_AUTOS = YES_AGGRESSIVE;
				GCC_WARN_UNUSED_FUNCTION = YES;
				GCC_WARN_UNUSED_VARIABLE = YES;
				INFOPLIST_KEY_UILaunchScreen_Generation = YES;
				INFOPLIST_KEY_UIStatusBarStyle = UIStatusBarStyleDefault;
				INFOPLIST_KEY_UISupportedInterfaceOrientations = UIInterfaceOrientationPortrait;
				IPHONEOS_DEPLOYMENT_TARGET = 26.0;
				MTL_ENABLE_DEBUG_INFO = NO;
				MTL_FAST_MATH = YES;
				PRODUCT_NAME = "$(TARGET_NAME)";
				SWIFT_COMPILATION_MODE = wholemodule;
				SWIFT_OPTIMIZATION_LEVEL = "-O";
				SWIFT_VERSION = 6.0;
				TARGETED_DEVICE_FAMILY = 1;
			};
			name = Release;
		};
		42184A8496EFFEEC61CB477A /* Debug */ = {
			isa = XCBuildConfiguration;
			buildSettings = {
				ASSETCATALOG_COMPILER_APPICON_NAME = AppIcon;
				CODE_SIGN_STYLE = Automatic;
				CURRENT_PROJECT_VERSION = 1;
				DEVELOPMENT_TEAM = "";
				GENERATE_INFOPLIST_FILE = NO;
				INFOPLIST_FILE = MarginWatch/Info.plist;
				MARKETING_VERSION = 1.0.0;
				PRODUCT_BUNDLE_IDENTIFIER = com.marginapp.margin.watchkitapp;
				SDKROOT = watchos;
				SKIP_INSTALL = YES;
				TARGETED_DEVICE_FAMILY = 4;
				WATCHOS_DEPLOYMENT_TARGET = 11.0;
			};
			name = Debug;
		};
		5A2B7CB1FA7FB678A7971FD2 /* Release */ = {
			isa = XCBuildConfiguration;
			buildSettings = {
				ASSETCATALOG_COMPILER_APPICON_NAME = AppIcon;
				ASSETCATALOG_COMPILER_GLOBAL_ACCENT_COLOR_NAME = AccentColor;
				CODE_SIGN_IDENTITY = "iPhone Developer";
				CODE_SIGN_STYLE = Automatic;
				CURRENT_PROJECT_VERSION = 1;
				DEVELOPMENT_TEAM = "";
				GENERATE_INFOPLIST_FILE = YES;
				INFOPLIST_KEY_CFBundleDisplayName = Margin;
				INFOPLIST_KEY_CFBundleURLTypes = "<array>\n  <dict>\n    <key>CFBundleURLSchemes</key>\n    <array><string>margin</string></array>\n  </dict>\n</array>\n";
				INFOPLIST_KEY_NSLocationWhenInUseUsageDescription = "Margin uses your location to understand the context of your moments — e.g., 'at the coffee shop' or 'at home'.";
				INFOPLIST_KEY_NSMicrophoneUsageDescription = "Margin uses the microphone to capture your voice thoughts.";
				INFOPLIST_KEY_NSPhotoLibraryUsageDescription = "Margin can save your moment insights as images.";
				INFOPLIST_KEY_NSSpeechRecognitionUsageDescription = "Margin transcribes your voice thoughts into text.";
				LD_RUNPATH_SEARCH_PATHS = (
					"$(inherited)",
					"@executable_path/Frameworks",
				);
				MARKETING_VERSION = 1.0.0;
				PRODUCT_BUNDLE_IDENTIFIER = com.marginapp.margin;
				SDKROOT = iphoneos;
				SWIFT_EMIT_LOC_STRINGS = YES;
				TARGETED_DEVICE_FAMILY = "1,2";
			};
			name = Release;
		};
		5BEBA5888168FEADE77806CF /* Debug */ = {
			isa = XCBuildConfiguration;
			buildSettings = {
				ASSETCATALOG_COMPILER_APPICON_NAME = AppIcon;
				CODE_SIGN_STYLE = Automatic;
				COMBINE_HIDPI_IMAGES = YES;
				CURRENT_PROJECT_VERSION = 1;
				DEVELOPMENT_TEAM = "";
				ENABLE_HARDENED_RUNTIME = YES;
				GENERATE_INFOPLIST_FILE = NO;
				INFOPLIST_FILE = MarginMenuBar/Resources/Info.plist;
				LD_RUNPATH_SEARCH_PATHS = "@executable_path/../Frameworks";
				MACOSX_DEPLOYMENT_TARGET = 14.0;
				MARKETING_VERSION = 1.0.0;
				PRODUCT_BUNDLE_IDENTIFIER = com.marginapp.margin.menubar;
				SDKROOT = macosx;
				SWIFT_EMIT_LOC_STRINGS = YES;
			};
			name = Debug;
		};
		641B87BECACE782A3EB50764 /* Release */ = {
			isa = XCBuildConfiguration;
			buildSettings = {
				ASSETCATALOG_COMPILER_APPICON_NAME = AppIcon;
				CODE_SIGN_STYLE = Automatic;
				COMBINE_HIDPI_IMAGES = YES;
				CURRENT_PROJECT_VERSION = 1;
				DEVELOPMENT_TEAM = "";
				ENABLE_HARDENED_RUNTIME = YES;
				GENERATE_INFOPLIST_FILE = NO;
				INFOPLIST_FILE = MarginMenuBar/Resources/Info.plist;
				LD_RUNPATH_SEARCH_PATHS = "@executable_path/../Frameworks";
				MACOSX_DEPLOYMENT_TARGET = 14.0;
				MARKETING_VERSION = 1.0.0;
				PRODUCT_BUNDLE_IDENTIFIER = com.marginapp.margin.menubar;
				SDKROOT = macosx;
				SWIFT_EMIT_LOC_STRINGS = YES;
			};
			name = Release;
		};
		8BEADF5A78975A5F12AAF030 /* Release */ = {
			isa = XCBuildConfiguration;
			buildSettings = {
				ASSETCATALOG_COMPILER_APPICON_NAME = AppIcon;
				CODE_SIGN_STYLE = Automatic;
				CURRENT_PROJECT_VERSION = 1;
				DEVELOPMENT_TEAM = "";
				GENERATE_INFOPLIST_FILE = NO;
				INFOPLIST_FILE = MarginWatch/Info.plist;
				MARKETING_VERSION = 1.0.0;
				PRODUCT_BUNDLE_IDENTIFIER = com.marginapp.margin.watchkitapp;
				SDKROOT = watchos;
				SKIP_INSTALL = YES;
				TARGETED_DEVICE_FAMILY = 4;
				WATCHOS_DEPLOYMENT_TARGET = 11.0;
			};
			name = Release;
		};
		972705B5C72B02CD8421B4BF /* Debug */ = {
			isa = XCBuildConfiguration;
			buildSettings = {
				ASSETCATALOG_COMPILER_APPICON_NAME = AppIcon;
				ASSETCATALOG_COMPILER_GLOBAL_ACCENT_COLOR_NAME = AccentColor;
				CODE_SIGN_IDENTITY = "iPhone Developer";
				CODE_SIGN_STYLE = Automatic;
				CURRENT_PROJECT_VERSION = 1;
				DEVELOPMENT_TEAM = "";
				GENERATE_INFOPLIST_FILE = YES;
				INFOPLIST_KEY_CFBundleDisplayName = Margin;
				INFOPLIST_KEY_CFBundleURLTypes = "<array>\n  <dict>\n    <key>CFBundleURLSchemes</key>\n    <array><string>margin</string></array>\n  </dict>\n</array>\n";
				INFOPLIST_KEY_NSLocationWhenInUseUsageDescription = "Margin uses your location to understand the context of your moments — e.g., 'at the coffee shop' or 'at home'.";
				INFOPLIST_KEY_NSMicrophoneUsageDescription = "Margin uses the microphone to capture your voice thoughts.";
				INFOPLIST_KEY_NSPhotoLibraryUsageDescription = "Margin can save your moment insights as images.";
				INFOPLIST_KEY_NSSpeechRecognitionUsageDescription = "Margin transcribes your voice thoughts into text.";
				LD_RUNPATH_SEARCH_PATHS = (
					"$(inherited)",
					"@executable_path/Frameworks",
				);
				MARKETING_VERSION = 1.0.0;
				PRODUCT_BUNDLE_IDENTIFIER = com.marginapp.margin;
				SDKROOT = iphoneos;
				SWIFT_EMIT_LOC_STRINGS = YES;
				TARGETED_DEVICE_FAMILY = "1,2";
			};
			name = Debug;
		};
/* End XCBuildConfiguration section */

/* Begin XCConfigurationList section */
		01711C74349C980C1C588C61 /* Build configuration list for PBXProject "Margin" */ = {
			isa = XCConfigurationList;
			buildConfigurations = (
				022EB0CD6378AB3D933EBF0A /* Debug */,
				18D73A0F4801B5FB622ED7A4 /* Release */,
			);
			defaultConfigurationIsVisible = 0;
			defaultConfigurationName = Debug;
		};
		04A2A8BC1649AE05C068A33F /* Build configuration list for PBXNativeTarget "MarginMenuBar" */ = {
			isa = XCConfigurationList;
			buildConfigurations = (
				5BEBA5888168FEADE77806CF /* Debug */,
				641B87BECACE782A3EB50764 /* Release */,
			);
			defaultConfigurationIsVisible = 0;
			defaultConfigurationName = Debug;
		};
		B455C2F74B1CC106507F7366 /* Build configuration list for PBXNativeTarget "MarginWatch" */ = {
			isa = XCConfigurationList;
			buildConfigurations = (
				42184A8496EFFEEC61CB477A /* Debug */,
				8BEADF5A78975A5F12AAF030 /* Release */,
			);
			defaultConfigurationIsVisible = 0;
			defaultConfigurationName = Debug;
		};
		D7E081A40BA700709B296A78 /* Build configuration list for PBXNativeTarget "Margin" */ = {
			isa = XCConfigurationList;
			buildConfigurations = (
				972705B5C72B02CD8421B4BF /* Debug */,
				5A2B7CB1FA7FB678A7971FD2 /* Release */,
			);
			defaultConfigurationIsVisible = 0;
			defaultConfigurationName = Debug;
		};
/* End XCConfigurationList section */

/* Begin XCRemoteSwiftPackageReference section */
		497A56B3E0AC0A7BDFCD9FD8 /* XCRemoteSwiftPackageReference "SQLite.swift" */ = {
			isa = XCRemoteSwiftPackageReference;
			repositoryURL = "https://github.com/stephencelis/SQLite.swift";
			requirement = {
				kind = upToNextMajorVersion;
				minimumVersion = 0.15.0;
			};
		};
		B1C1B482E16C8D9A65BA333E /* XCRemoteSwiftPackageReference "SnapKit" */ = {
			isa = XCRemoteSwiftPackageReference;
			repositoryURL = "https://github.com/SnapKit/SnapKit";
			requirement = {
				kind = upToNextMajorVersion;
				minimumVersion = 5.7.0;
			};
		};
/* End XCRemoteSwiftPackageReference section */

/* Begin XCSwiftPackageProductDependency section */
		421533836758808CC8D1410A /* SQLite */ = {
			isa = XCSwiftPackageProductDependency;
			package = 497A56B3E0AC0A7BDFCD9FD8 /* XCRemoteSwiftPackageReference "SQLite.swift" */;
			productName = SQLite;
		};
		6500659B211EF754F62DD035 /* SQLite */ = {
			isa = XCSwiftPackageProductDependency;
			package = 497A56B3E0AC0A7BDFCD9FD8 /* XCRemoteSwiftPackageReference "SQLite.swift" */;
			productName = SQLite;
		};
		B8B55B75CF8806F58243BB58 /* SnapKit */ = {
			isa = XCSwiftPackageProductDependency;
			package = B1C1B482E16C8D9A65BA333E /* XCRemoteSwiftPackageReference "SnapKit" */;
			productName = SnapKit;
		};
/* End XCSwiftPackageProductDependency section */
	};
	rootObject = FEAE8FB7E0F3E87FDEA460D4 /* Project object */;
}
